
Microsoft Visual Studio Solution File, Format Version 12.00
Project("{FAE04EC0-301F-11D3-BF4B-00C04F79EFBC}") = "MartenTest", "MartenTest\MartenTest.csproj", "{47B8FFD6-4C54-4E85-A5D6-1FCB4289A564}"
EndProject
Global
	GlobalSection(SolutionConfigurationPlatforms) = preSolution
		Debug|Any CPU = Debug|Any CPU
		Release|Any CPU = Release|Any CPU
	EndGlobalSection
	GlobalSection(ProjectConfigurationPlatforms) = postSolution
		{47B8FFD6-4C54-4E85-A5D6-1FCB4289A564}.Debug|Any CPU.ActiveCfg = Debug|Any CPU
		{47B8FFD6-4C54-4E85-A5D6-1FCB4289A564}.Debug|Any CPU.Build.0 = Debug|Any CPU
		{47B8FFD6-4C54-4E85-A5D6-1FCB4289A564}.Release|Any CPU.ActiveCfg = Release|Any CPU
		{47B8FFD6-4C54-4E85-A5D6-1FCB4289A564}.Release|Any CPU.Build.0 = Release|Any CPU
	EndGlobalSection
EndGlobal
